
Microsoft Visual Studio Solution File, Format Version 12.00
# Visual Studio Version 16
VisualStudioVersion = 16.0.31702.278
MinimumVisualStudioVersion = 10.0.40219.1
Project("{FAE04EC0-301F-11D3-BF4B-00C04F79EFBC}") = "ClientApp", "ClientApp\ClientApp.csproj", "{062C0A20-6521-44EF-9889-4F23CD786395}"
EndProject
Global
	GlobalSection(SolutionConfigurationPlatforms) = preSolution
		Debug|Any CPU = Debug|Any CPU
		Release|Any CPU = Release|Any CPU
	EndGlobalSection
	GlobalSection(ProjectConfigurationPlatforms) = postSolution
		{062C0A20-6521-44EF-9889-4F23CD786395}.Debug|Any CPU.ActiveCfg = Debug|Any CPU
		{062C0A20-6521-44EF-9889-4F23CD786395}.Debug|Any CPU.Build.0 = Debug|Any CPU
		{062C0A20-6521-44EF-9889-4F23CD786395}.Release|Any CPU.ActiveCfg = Release|Any CPU
		{062C0A20-6521-44EF-9889-4F23CD786395}.Release|Any CPU.Build.0 = Release|Any CPU
	EndGlobalSection
	GlobalSection(SolutionProperties) = preSolution
		HideSolutionNode = FALSE
	EndGlobalSection
	GlobalSection(ExtensibilityGlobals) = postSolution
		SolutionGuid = {07EFF1A9-2994-46FA-A5CD-39C62ECC26B3}
	EndGlobalSection
EndGlobal
